
Microsoft Visual Studio Solution File, Format Version 12.00
# Visual Studio Version 16
VisualStudioVersion = 16.0.30611.23
MinimumVisualStudioVersion = 10.0.40219.1
Project("{FAE04EC0-301F-11D3-BF4B-00C04F79EFBC}") = "boston", "boston.csproj", "{32E0257D-6E31-40C8-B092-279E22BDE47E}"
EndProject
Global
	GlobalSection(SolutionConfigurationPlatforms) = preSolution
		Debug|Any CPU = Debug|Any CPU
		Release|Any CPU = Release|Any CPU
	EndGlobalSection
	GlobalSection(ProjectConfigurationPlatforms) = postSolution
		{32E0257D-6E31-40C8-B092-279E22BDE47E}.Debug|Any CPU.ActiveCfg = Debug|Any CPU
		{32E0257D-6E31-40C8-B092-279E22BDE47E}.Debug|Any CPU.Build.0 = Debug|Any CPU
		{32E0257D-6E31-40C8-B092-279E22BDE47E}.Release|Any CPU.ActiveCfg = Release|Any CPU
		{32E0257D-6E31-40C8-B092-279E22BDE47E}.Release|Any CPU.Build.0 = Release|Any CPU
	EndGlobalSection
	GlobalSection(SolutionProperties) = preSolution
		HideSolutionNode = FALSE
	EndGlobalSection
	GlobalSection(ExtensibilityGlobals) = postSolution
		SolutionGuid = {2B8AA12E-EF3C-4380-8F1F-0176E7A93456}
	EndGlobalSection
EndGlobal
